
Microsoft Visual Studio Solution File, Format Version 11.00
# Visual Studio 2010
Project("{FAE04EC0-301F-11D3-BF4B-00C04F79EFBC}") = "Assembly-CSharp", "Assembly-CSharp.csproj", "{3174ed9a-ef1a-1761-f43d-acff63359d37}"
EndProject
Project("{FAE04EC0-301F-11D3-BF4B-00C04F79EFBC}") = "Assembly-CSharp-Editor", "Assembly-CSharp-Editor.csproj", "{0ee97932-b202-da2a-f2d5-045a06e1ba8e}"
EndProject
Global
	GlobalSection(SolutionConfigurationPlatforms) = preSolution
		Debug|Any CPU = Debug|Any CPU
	EndGlobalSection
	GlobalSection(ProjectConfigurationPlatforms) = postSolution
		{3174ed9a-ef1a-1761-f43d-acff63359d37}.Debug|Any CPU.ActiveCfg = Debug|Any CPU
		{3174ed9a-ef1a-1761-f43d-acff63359d37}.Debug|Any CPU.Build.0 = Debug|Any CPU
		{0ee97932-b202-da2a-f2d5-045a06e1ba8e}.Debug|Any CPU.ActiveCfg = Debug|Any CPU
		{0ee97932-b202-da2a-f2d5-045a06e1ba8e}.Debug|Any CPU.Build.0 = Debug|Any CPU
	EndGlobalSection
	GlobalSection(SolutionProperties) = preSolution
		HideSolutionNode = FALSE
	EndGlobalSection
EndGlobal
